Microsoft Visual Studio Solution File, Format Version 12.00
# Visual Studio Version 17
VisualStudioVersion = 17.5.2.0
MinimumVisualStudioVersion = 10.0.40219.1
Project("{FAE04EC0-301F-11D3-BF4B-00C04F79EFBC}") = "ScreenshotAPI", "ScreenshotAPI\ScreenshotAPI.csproj", "{29C3B5C9-6CC8-122D-2CBA-9E4770D752B3}"
EndProject
Global
	GlobalSection(SolutionConfigurationPlatforms) = preSolution
		Debug|Any CPU = Debug|Any CPU
		Release|Any CPU = Release|Any CPU
	EndGlobalSection
	GlobalSection(ProjectConfigurationPlatforms) = postSolution
		{29C3B5C9-6CC8-122D-2CBA-9E4770D752B3}.Debug|Any CPU.ActiveCfg = Debug|Any CPU
		{29C3B5C9-6CC8-122D-2CBA-9E4770D752B3}.Debug|Any CPU.Build.0 = Debug|Any CPU
		{29C3B5C9-6CC8-122D-2CBA-9E4770D752B3}.Release|Any CPU.ActiveCfg = Release|Any CPU
		{29C3B5C9-6CC8-122D-2CBA-9E4770D752B3}.Release|Any CPU.Build.0 = Release|Any CPU
	EndGlobalSection
	GlobalSection(SolutionProperties) = preSolution
		HideSolutionNode = FALSE
	EndGlobalSection
	GlobalSection(ExtensibilityGlobals) = postSolution
		SolutionGuid = {E9D361C0-5841-4F9D-86CF-53B7839A4CEB}
	EndGlobalSection
EndGlobal
